
Microsoft Visual Studio Solution File, Format Version 12.00
# Visual Studio Version 17
VisualStudioVersion = 17.9.34728.123
MinimumVisualStudioVersion = 10.0.40219.1
Project("{FAE04EC0-301F-11D3-BF4B-00C04F79EFBC}") = "InterfaceExerc", "InterfaceExerc\InterfaceExerc.csproj", "{F8239A68-02A6-486A-850D-18DB440C2154}"
EndProject
Global
	GlobalSection(SolutionConfigurationPlatforms) = preSolution
		Debug|Any CPU = Debug|Any CPU
		Release|Any CPU = Release|Any CPU
	EndGlobalSection
	GlobalSection(ProjectConfigurationPlatforms) = postSolution
		{F8239A68-02A6-486A-850D-18DB440C2154}.Debug|Any CPU.ActiveCfg = Debug|Any CPU
		{F8239A68-02A6-486A-850D-18DB440C2154}.Debug|Any CPU.Build.0 = Debug|Any CPU
		{F8239A68-02A6-486A-850D-18DB440C2154}.Release|Any CPU.ActiveCfg = Release|Any CPU
		{F8239A68-02A6-486A-850D-18DB440C2154}.Release|Any CPU.Build.0 = Release|Any CPU
	EndGlobalSection
	GlobalSection(SolutionProperties) = preSolution
		HideSolutionNode = FALSE
	EndGlobalSection
	GlobalSection(ExtensibilityGlobals) = postSolution
		SolutionGuid = {20214AA4-5901-4693-940A-56F22091C6EF}
	EndGlobalSection
EndGlobal
