
Microsoft Visual Studio Solution File, Format Version 12.00
# Visual Studio Version 17
VisualStudioVersion = 17.9.34728.123
MinimumVisualStudioVersion = 10.0.40219.1
Project("{FAE04EC0-301F-11D3-BF4B-00C04F79EFBC}") = "Exercicio9", "Exercicio9\Exercicio9.csproj", "{263EDFDB-05FA-4C9E-96BD-4CBE334DA983}"
EndProject
Global
	GlobalSection(SolutionConfigurationPlatforms) = preSolution
		Debug|Any CPU = Debug|Any CPU
		Release|Any CPU = Release|Any CPU
	EndGlobalSection
	GlobalSection(ProjectConfigurationPlatforms) = postSolution
		{263EDFDB-05FA-4C9E-96BD-4CBE334DA983}.Debug|Any CPU.ActiveCfg = Debug|Any CPU
		{263EDFDB-05FA-4C9E-96BD-4CBE334DA983}.Debug|Any CPU.Build.0 = Debug|Any CPU
		{263EDFDB-05FA-4C9E-96BD-4CBE334DA983}.Release|Any CPU.ActiveCfg = Release|Any CPU
		{263EDFDB-05FA-4C9E-96BD-4CBE334DA983}.Release|Any CPU.Build.0 = Release|Any CPU
	EndGlobalSection
	GlobalSection(SolutionProperties) = preSolution
		HideSolutionNode = FALSE
	EndGlobalSection
	GlobalSection(ExtensibilityGlobals) = postSolution
		SolutionGuid = {490E44FB-2A3C-497D-8F76-8D2FFBBB46C7}
	EndGlobalSection
EndGlobal
