
Microsoft Visual Studio Solution File, Format Version 12.00
# Visual Studio Version 17
VisualStudioVersion = 17.9.34728.123
MinimumVisualStudioVersion = 10.0.40219.1
Project("{FAE04EC0-301F-11D3-BF4B-00C04F79EFBC}") = "ContaBancariaExercicio", "ContaBancariaExercicio\ContaBancariaExercicio.csproj", "{2D6CAF07-1FDB-4D6D-B257-5F72E167DBEC}"
EndProject
Global
	GlobalSection(SolutionConfigurationPlatforms) = preSolution
		Debug|Any CPU = Debug|Any CPU
		Release|Any CPU = Release|Any CPU
	EndGlobalSection
	GlobalSection(ProjectConfigurationPlatforms) = postSolution
		{2D6CAF07-1FDB-4D6D-B257-5F72E167DBEC}.Debug|Any CPU.ActiveCfg = Debug|Any CPU
		{2D6CAF07-1FDB-4D6D-B257-5F72E167DBEC}.Debug|Any CPU.Build.0 = Debug|Any CPU
		{2D6CAF07-1FDB-4D6D-B257-5F72E167DBEC}.Release|Any CPU.ActiveCfg = Release|Any CPU
		{2D6CAF07-1FDB-4D6D-B257-5F72E167DBEC}.Release|Any CPU.Build.0 = Release|Any CPU
	EndGlobalSection
	GlobalSection(SolutionProperties) = preSolution
		HideSolutionNode = FALSE
	EndGlobalSection
	GlobalSection(ExtensibilityGlobals) = postSolution
		SolutionGuid = {8123ACCB-49A5-4AF9-A4CB-3A622C1109CD}
	EndGlobalSection
EndGlobal
