
Microsoft Visual Studio Solution File, Format Version 12.00
# Visual Studio Version 17
VisualStudioVersion = 17.9.34728.123
MinimumVisualStudioVersion = 10.0.40219.1
Project("{FAE04EC0-301F-11D3-BF4B-00C04F79EFBC}") = "FixacaoVetor", "FixacaoVetor\FixacaoVetor.csproj", "{7A5614D3-1A73-4053-9F3F-AA6E65FCE0A5}"
EndProject
Global
	GlobalSection(SolutionConfigurationPlatforms) = preSolution
		Debug|Any CPU = Debug|Any CPU
		Release|Any CPU = Release|Any CPU
	EndGlobalSection
	GlobalSection(ProjectConfigurationPlatforms) = postSolution
		{7A5614D3-1A73-4053-9F3F-AA6E65FCE0A5}.Debug|Any CPU.ActiveCfg = Debug|Any CPU
		{7A5614D3-1A73-4053-9F3F-AA6E65FCE0A5}.Debug|Any CPU.Build.0 = Debug|Any CPU
		{7A5614D3-1A73-4053-9F3F-AA6E65FCE0A5}.Release|Any CPU.ActiveCfg = Release|Any CPU
		{7A5614D3-1A73-4053-9F3F-AA6E65FCE0A5}.Release|Any CPU.Build.0 = Release|Any CPU
	EndGlobalSection
	GlobalSection(SolutionProperties) = preSolution
		HideSolutionNode = FALSE
	EndGlobalSection
	GlobalSection(ExtensibilityGlobals) = postSolution
		SolutionGuid = {75A19C96-05FA-42B0-AD27-5536596D7DF4}
	EndGlobalSection
EndGlobal
